
Microsoft Visual Studio Solution File, Format Version 12.00
# Visual Studio Version 16
VisualStudioVersion = 16.0.31729.503
MinimumVisualStudioVersion = 10.0.40219.1
Project("{9A19103F-16F7-4668-BE54-9A1E7A4F7556}") = "inheritance_polimorphism_encapsulation_may_csharp_2021", "inheritance_polimorphism_encapsulation_may_csharp_2021.csproj", "{AE4D0227-9109-4B22-913C-ACE8E02FE940}"
EndProject
Global
	GlobalSection(SolutionConfigurationPlatforms) = preSolution
		Debug|Any CPU = Debug|Any CPU
		Release|Any CPU = Release|Any CPU
	EndGlobalSection
	GlobalSection(ProjectConfigurationPlatforms) = postSolution
		{AE4D0227-9109-4B22-913C-ACE8E02FE940}.Debug|Any CPU.ActiveCfg = Debug|Any CPU
		{AE4D0227-9109-4B22-913C-ACE8E02FE940}.Debug|Any CPU.Build.0 = Debug|Any CPU
		{AE4D0227-9109-4B22-913C-ACE8E02FE940}.Release|Any CPU.ActiveCfg = Release|Any CPU
		{AE4D0227-9109-4B22-913C-ACE8E02FE940}.Release|Any CPU.Build.0 = Release|Any CPU
	EndGlobalSection
	GlobalSection(SolutionProperties) = preSolution
		HideSolutionNode = FALSE
	EndGlobalSection
	GlobalSection(ExtensibilityGlobals) = postSolution
		SolutionGuid = {76DDD24F-F447-4099-AD75-254901520E4E}
	EndGlobalSection
EndGlobal
